
Microsoft Visual Studio Solution File, Format Version 12.00
# Visual Studio Version 16
VisualStudioVersion = 16.0.29503.13
MinimumVisualStudioVersion = 10.0.40219.1
Project("{FAE04EC0-301F-11D3-BF4B-00C04F79EFBC}") = "1002", "1002\1002.csproj", "{5661C40A-1BA1-45A0-BB7B-1CBE39B0A5A9}"
EndProject
Global
	GlobalSection(SolutionConfigurationPlatforms) = preSolution
		Debug|Any CPU = Debug|Any CPU
		Release|Any CPU = Release|Any CPU
	EndGlobalSection
	GlobalSection(ProjectConfigurationPlatforms) = postSolution
		{5661C40A-1BA1-45A0-BB7B-1CBE39B0A5A9}.Debug|Any CPU.ActiveCfg = Debug|Any CPU
		{5661C40A-1BA1-45A0-BB7B-1CBE39B0A5A9}.Debug|Any CPU.Build.0 = Debug|Any CPU
		{5661C40A-1BA1-45A0-BB7B-1CBE39B0A5A9}.Release|Any CPU.ActiveCfg = Release|Any CPU
		{5661C40A-1BA1-45A0-BB7B-1CBE39B0A5A9}.Release|Any CPU.Build.0 = Release|Any CPU
	EndGlobalSection
	GlobalSection(SolutionProperties) = preSolution
		HideSolutionNode = FALSE
	EndGlobalSection
	GlobalSection(ExtensibilityGlobals) = postSolution
		SolutionGuid = {63192D52-BB4C-44FB-951A-3C7F3BD7F0D2}
	EndGlobalSection
EndGlobal
